
Microsoft Visual Studio Solution File, Format Version 12.00
# Visual Studio 14
VisualStudioVersion = 14.0.25420.1
MinimumVisualStudioVersion = 10.0.40219.1
Project("{FAE04EC0-301F-11D3-BF4B-00C04F79EFBC}") = "OMSZ", "OMSZ\OMSZ.csproj", "{B91857E4-76B6-40FE-8A63-6B904E62A33D}"
EndProject
Global
	GlobalSection(SolutionConfigurationPlatforms) = preSolution
		Debug|Any CPU = Debug|Any CPU
		Release|Any CPU = Release|Any CPU
	EndGlobalSection
	GlobalSection(ProjectConfigurationPlatforms) = postSolution
		{B91857E4-76B6-40FE-8A63-6B904E62A33D}.Debug|Any CPU.ActiveCfg = Debug|Any CPU
		{B91857E4-76B6-40FE-8A63-6B904E62A33D}.Debug|Any CPU.Build.0 = Debug|Any CPU
		{B91857E4-76B6-40FE-8A63-6B904E62A33D}.Release|Any CPU.ActiveCfg = Release|Any CPU
		{B91857E4-76B6-40FE-8A63-6B904E62A33D}.Release|Any CPU.Build.0 = Release|Any CPU
	EndGlobalSection
	GlobalSection(SolutionProperties) = preSolution
		HideSolutionNode = FALSE
	EndGlobalSection
EndGlobal
